# This file was autogenerated by Stack.
# You should not edit this file by hand.
# For more information, please see the documentation at:
#   https://docs.haskellstack.org/en/stable/lock_files

packages:
- completed:
    hackage: cairo-0.13.6.0@sha256:a9122d48957a2dbb5a177e5068b850efa1e99bb22c68eb2571165c3c945a8dd6,4187
    pantry-tree:
      size: 2830
      sha256: 180df55408086398e9901a6bcb2720da6fcecac5f57abcdb4df1251a686f1bb7
  original:
    hackage: cairo-0.13.6.0
- completed:
    hackage: gtk2hs-buildtools-0.13.5.0@sha256:a765766c4208a3e4def319ebf280fbb9e7d0a3f28d15922db36970404fb1daee,5238
    pantry-tree:
      size: 3588
      sha256: bcc65d134ad8b4ceb31166eb5d6082575284fe069f28a1dfae43ee968f55461d
  original:
    hackage: gtk2hs-buildtools-0.13.5.0
- completed:
    hackage: hsnoise-0.0.2@sha256:ebde231014d8c1f4c44e9760742824af87645cdff1f223c2efe16d79bc418587,1306
    pantry-tree:
      size: 535
      sha256: a8a86b3f5ddc47573cdcf176b6a0a884435dcd7ed21c6bc763566188b45cd133
  original:
    hackage: hsnoise-0.0.2
snapshots:
- completed:
    size: 500539
    url: https://raw.githubusercontent.com/commercialhaskell/stackage-snapshots/master/lts/13/27.yaml
    sha256: 690db832392afe55733b4c7023fd29b1b1c660ee42f1fb505b86b07394ca994e
  original: lts-13.27
